
Microsoft Visual Studio Solution File, Format Version 12.00
# Visual Studio 14
VisualStudioVersion = 14.0.24720.0
MinimumVisualStudioVersion = 10.0.40219.1
Project("{FAE04EC0-301F-11D3-BF4B-00C04F79EFBC}") = "FreshEssentialSamples", "FreshEssentialSamples\FreshEssentialSamples.csproj", "{62BFE99F-B28D-409F-8A6E-989C122C40CB}"
EndProject
Project("{FAE04EC0-301F-11D3-BF4B-00C04F79EFBC}") = "FreshEssentialSamples.iOS", "iOS\FreshEssentialSamples.iOS.csproj", "{58C9178D-D969-4CA1-9B52-B10577502A56}"
EndProject
Project("{FAE04EC0-301F-11D3-BF4B-00C04F79EFBC}") = "FreshEssentialSamples.Droid", "Droid\FreshEssentialSamples.Droid.csproj", "{CBFE5A97-8358-4A2B-B675-8412F24EF3B6}"
EndProject
Project("{FAE04EC0-301F-11D3-BF4B-00C04F79EFBC}") = "FreshEssentialSamples.UWP", "UWP\FreshEssentialSamples.UWP.csproj", "{703104F1-651B-4AF7-BBC9-010F49F4F0E9}"
EndProject
Global
	GlobalSection(SolutionConfigurationPlatforms) = preSolution
		Debug|Any CPU = Debug|Any CPU
		Debug|ARM = Debug|ARM
		Debug|iPhone = Debug|iPhone
		Debug|iPhoneSimulator = Debug|iPhoneSimulator
		Debug|x64 = Debug|x64
		Debug|x86 = Debug|x86
		Release|Any CPU = Release|Any CPU
		Release|ARM = Release|ARM
		Release|iPhone = Release|iPhone
		Release|iPhoneSimulator = Release|iPhoneSimulator
		Release|x64 = Release|x64
		Release|x86 = Release|x86
	EndGlobalSection
	GlobalSection(ProjectConfigurationPlatforms) = postSolution
		{62BFE99F-B28D-409F-8A6E-989C122C40CB}.Debug|Any CPU.ActiveCfg = Debug|Any CPU
		{62BFE99F-B28D-409F-8A6E-989C122C40CB}.Debug|Any CPU.Build.0 = Debug|Any CPU
		{62BFE99F-B28D-409F-8A6E-989C122C40CB}.Debug|ARM.ActiveCfg = Debug|Any CPU
		{62BFE99F-B28D-409F-8A6E-989C122C40CB}.Debug|ARM.Build.0 = Debug|Any CPU
		{62BFE99F-B28D-409F-8A6E-989C122C40CB}.Debug|iPhone.ActiveCfg = Debug|Any CPU
		{62BFE99F-B28D-409F-8A6E-989C122C40CB}.Debug|iPhone.Build.0 = Debug|Any CPU
		{62BFE99F-B28D-409F-8A6E-989C122C40CB}.Debug|iPhoneSimulator.ActiveCfg = Debug|Any CPU
		{62BFE99F-B28D-409F-8A6E-989C122C40CB}.Debug|iPhoneSimulator.Build.0 = Debug|Any CPU
		{62BFE99F-B28D-409F-8A6E-989C122C40CB}.Debug|x64.ActiveCfg = Debug|Any CPU
		{62BFE99F-B28D-409F-8A6E-989C122C40CB}.Debug|x64.Build.0 = Debug|Any CPU
		{62BFE99F-B28D-409F-8A6E-989C122C40CB}.Debug|x86.ActiveCfg = Debug|Any CPU
		{62BFE99F-B28D-409F-8A6E-989C122C40CB}.Debug|x86.Build.0 = Debug|Any CPU
		{62BFE99F-B28D-409F-8A6E-989C122C40CB}.Release|Any CPU.ActiveCfg = Release|Any CPU
		{62BFE99F-B28D-409F-8A6E-989C122C40CB}.Release|Any CPU.Build.0 = Release|Any CPU
		{62BFE99F-B28D-409F-8A6E-989C122C40CB}.Release|ARM.ActiveCfg = Release|Any CPU
		{62BFE99F-B28D-409F-8A6E-989C122C40CB}.Release|ARM.Build.0 = Release|Any CPU
		{62BFE99F-B28D-409F-8A6E-989C122C40CB}.Release|iPhone.ActiveCfg = Release|Any CPU
		{62BFE99F-B28D-409F-8A6E-989C122C40CB}.Release|iPhone.Build.0 = Release|Any CPU
		{62BFE99F-B28D-409F-8A6E-989C122C40CB}.Release|iPhoneSimulator.ActiveCfg = Release|Any CPU
		{62BFE99F-B28D-409F-8A6E-989C122C40CB}.Release|iPhoneSimulator.Build.0 = Release|Any CPU
		{62BFE99F-B28D-409F-8A6E-989C122C40CB}.Release|x64.ActiveCfg = Release|Any CPU
		{62BFE99F-B28D-409F-8A6E-989C122C40CB}.Release|x64.Build.0 = Release|Any CPU
		{62BFE99F-B28D-409F-8A6E-989C122C40CB}.Release|x86.ActiveCfg = Release|Any CPU
		{62BFE99F-B28D-409F-8A6E-989C122C40CB}.Release|x86.Build.0 = Release|Any CPU
		{58C9178D-D969-4CA1-9B52-B10577502A56}.Debug|Any CPU.ActiveCfg = Debug|iPhoneSimulator
		{58C9178D-D969-4CA1-9B52-B10577502A56}.Debug|Any CPU.Build.0 = Debug|iPhoneSimulator
		{58C9178D-D969-4CA1-9B52-B10577502A56}.Debug|ARM.ActiveCfg = Debug|iPhone
		{58C9178D-D969-4CA1-9B52-B10577502A56}.Debug|iPhone.ActiveCfg = Debug|iPhone
		{58C9178D-D969-4CA1-9B52-B10577502A56}.Debug|iPhone.Build.0 = Debug|iPhone
		{58C9178D-D969-4CA1-9B52-B10577502A56}.Debug|iPhoneSimulator.ActiveCfg = Debug|iPhoneSimulator
		{58C9178D-D969-4CA1-9B52-B10577502A56}.Debug|iPhoneSimulator.Build.0 = Debug|iPhoneSimulator
		{58C9178D-D969-4CA1-9B52-B10577502A56}.Debug|x64.ActiveCfg = Debug|iPhone
		{58C9178D-D969-4CA1-9B52-B10577502A56}.Debug|x86.ActiveCfg = Debug|iPhone
		{58C9178D-D969-4CA1-9B52-B10577502A56}.Release|Any CPU.ActiveCfg = Release|iPhone
		{58C9178D-D969-4CA1-9B52-B10577502A56}.Release|Any CPU.Build.0 = Release|iPhone
		{58C9178D-D969-4CA1-9B52-B10577502A56}.Release|ARM.ActiveCfg = Release|iPhoneSimulator
		{58C9178D-D969-4CA1-9B52-B10577502A56}.Release|iPhone.ActiveCfg = Release|iPhone
		{58C9178D-D969-4CA1-9B52-B10577502A56}.Release|iPhone.Build.0 = Release|iPhone
		{58C9178D-D969-4CA1-9B52-B10577502A56}.Release|iPhoneSimulator.ActiveCfg = Release|iPhoneSimulator
		{58C9178D-D969-4CA1-9B52-B10577502A56}.Release|iPhoneSimulator.Build.0 = Release|iPhoneSimulator
		{58C9178D-D969-4CA1-9B52-B10577502A56}.Release|x64.ActiveCfg = Release|iPhoneSimulator
		{58C9178D-D969-4CA1-9B52-B10577502A56}.Release|x86.ActiveCfg = Release|iPhoneSimulator
		{CBFE5A97-8358-4A2B-B675-8412F24EF3B6}.Debug|Any CPU.ActiveCfg = Debug|Any CPU
		{CBFE5A97-8358-4A2B-B675-8412F24EF3B6}.Debug|Any CPU.Build.0 = Debug|Any CPU
		{CBFE5A97-8358-4A2B-B675-8412F24EF3B6}.Debug|ARM.ActiveCfg = Debug|Any CPU
		{CBFE5A97-8358-4A2B-B675-8412F24EF3B6}.Debug|ARM.Build.0 = Debug|Any CPU
		{CBFE5A97-8358-4A2B-B675-8412F24EF3B6}.Debug|ARM.Deploy.0 = Debug|Any CPU
		{CBFE5A97-8358-4A2B-B675-8412F24EF3B6}.Debug|iPhone.ActiveCfg = Debug|Any CPU
		{CBFE5A97-8358-4A2B-B675-8412F24EF3B6}.Debug|iPhone.Build.0 = Debug|Any CPU
		{CBFE5A97-8358-4A2B-B675-8412F24EF3B6}.Debug|iPhoneSimulator.ActiveCfg = Debug|Any CPU
		{CBFE5A97-8358-4A2B-B675-8412F24EF3B6}.Debug|iPhoneSimulator.Build.0 = Debug|Any CPU
		{CBFE5A97-8358-4A2B-B675-8412F24EF3B6}.Debug|x64.ActiveCfg = Debug|Any CPU
		{CBFE5A97-8358-4A2B-B675-8412F24EF3B6}.Debug|x64.Build.0 = Debug|Any CPU
		{CBFE5A97-8358-4A2B-B675-8412F24EF3B6}.Debug|x64.Deploy.0 = Debug|Any CPU
		{CBFE5A97-8358-4A2B-B675-8412F24EF3B6}.Debug|x86.ActiveCfg = Debug|Any CPU
		{CBFE5A97-8358-4A2B-B675-8412F24EF3B6}.Debug|x86.Build.0 = Debug|Any CPU
		{CBFE5A97-8358-4A2B-B675-8412F24EF3B6}.Debug|x86.Deploy.0 = Debug|Any CPU
		{CBFE5A97-8358-4A2B-B675-8412F24EF3B6}.Release|Any CPU.ActiveCfg = Release|Any CPU
		{CBFE5A97-8358-4A2B-B675-8412F24EF3B6}.Release|Any CPU.Build.0 = Release|Any CPU
		{CBFE5A97-8358-4A2B-B675-8412F24EF3B6}.Release|ARM.ActiveCfg = Release|Any CPU
		{CBFE5A97-8358-4A2B-B675-8412F24EF3B6}.Release|ARM.Build.0 = Release|Any CPU
		{CBFE5A97-8358-4A2B-B675-8412F24EF3B6}.Release|ARM.Deploy.0 = Release|Any CPU
		{CBFE5A97-8358-4A2B-B675-8412F24EF3B6}.Release|iPhone.ActiveCfg = Release|Any CPU
		{CBFE5A97-8358-4A2B-B675-8412F24EF3B6}.Release|iPhone.Build.0 = Release|Any CPU
		{CBFE5A97-8358-4A2B-B675-8412F24EF3B6}.Release|iPhoneSimulator.ActiveCfg = Release|Any CPU
		{CBFE5A97-8358-4A2B-B675-8412F24EF3B6}.Release|iPhoneSimulator.Build.0 = Release|Any CPU
		{CBFE5A97-8358-4A2B-B675-8412F24EF3B6}.Release|x64.ActiveCfg = Release|Any CPU
		{CBFE5A97-8358-4A2B-B675-8412F24EF3B6}.Release|x64.Build.0 = Release|Any CPU
		{CBFE5A97-8358-4A2B-B675-8412F24EF3B6}.Release|x64.Deploy.0 = Release|Any CPU
		{CBFE5A97-8358-4A2B-B675-8412F24EF3B6}.Release|x86.ActiveCfg = Release|Any CPU
		{CBFE5A97-8358-4A2B-B675-8412F24EF3B6}.Release|x86.Build.0 = Release|Any CPU
		{CBFE5A97-8358-4A2B-B675-8412F24EF3B6}.Release|x86.Deploy.0 = Release|Any CPU
		{703104F1-651B-4AF7-BBC9-010F49F4F0E9}.Debug|Any CPU.ActiveCfg = Debug|x86
		{703104F1-651B-4AF7-BBC9-010F49F4F0E9}.Debug|Any CPU.Build.0 = Debug|x86
		{703104F1-651B-4AF7-BBC9-010F49F4F0E9}.Debug|Any CPU.Deploy.0 = Debug|x86
		{703104F1-651B-4AF7-BBC9-010F49F4F0E9}.Debug|ARM.ActiveCfg = Debug|ARM
		{703104F1-651B-4AF7-BBC9-010F49F4F0E9}.Debug|ARM.Build.0 = Debug|ARM
		{703104F1-651B-4AF7-BBC9-010F49F4F0E9}.Debug|ARM.Deploy.0 = Debug|ARM
		{703104F1-651B-4AF7-BBC9-010F49F4F0E9}.Debug|iPhone.ActiveCfg = Debug|x86
		{703104F1-651B-4AF7-BBC9-010F49F4F0E9}.Debug|iPhoneSimulator.ActiveCfg = Debug|x86
		{703104F1-651B-4AF7-BBC9-010F49F4F0E9}.Debug|x64.ActiveCfg = Debug|x64
		{703104F1-651B-4AF7-BBC9-010F49F4F0E9}.Debug|x64.Build.0 = Debug|x64
		{703104F1-651B-4AF7-BBC9-010F49F4F0E9}.Debug|x64.Deploy.0 = Debug|x64
		{703104F1-651B-4AF7-BBC9-010F49F4F0E9}.Debug|x86.ActiveCfg = Debug|x86
		{703104F1-651B-4AF7-BBC9-010F49F4F0E9}.Debug|x86.Build.0 = Debug|x86
		{703104F1-651B-4AF7-BBC9-010F49F4F0E9}.Debug|x86.Deploy.0 = Debug|x86
		{703104F1-651B-4AF7-BBC9-010F49F4F0E9}.Release|Any CPU.ActiveCfg = Release|x86
		{703104F1-651B-4AF7-BBC9-010F49F4F0E9}.Release|Any CPU.Build.0 = Release|x86
		{703104F1-651B-4AF7-BBC9-010F49F4F0E9}.Release|Any CPU.Deploy.0 = Release|x86
		{703104F1-651B-4AF7-BBC9-010F49F4F0E9}.Release|ARM.ActiveCfg = Release|ARM
		{703104F1-651B-4AF7-BBC9-010F49F4F0E9}.Release|ARM.Build.0 = Release|ARM
		{703104F1-651B-4AF7-BBC9-010F49F4F0E9}.Release|ARM.Deploy.0 = Release|ARM
		{703104F1-651B-4AF7-BBC9-010F49F4F0E9}.Release|iPhone.ActiveCfg = Release|x86
		{703104F1-651B-4AF7-BBC9-010F49F4F0E9}.Release|iPhoneSimulator.ActiveCfg = Release|x86
		{703104F1-651B-4AF7-BBC9-010F49F4F0E9}.Release|x64.ActiveCfg = Release|x64
		{703104F1-651B-4AF7-BBC9-010F49F4F0E9}.Release|x64.Build.0 = Release|x64
		{703104F1-651B-4AF7-BBC9-010F49F4F0E9}.Release|x64.Deploy.0 = Release|x64
		{703104F1-651B-4AF7-BBC9-010F49F4F0E9}.Release|x86.ActiveCfg = Release|x86
		{703104F1-651B-4AF7-BBC9-010F49F4F0E9}.Release|x86.Build.0 = Release|x86
		{703104F1-651B-4AF7-BBC9-010F49F4F0E9}.Release|x86.Deploy.0 = Release|x86
	EndGlobalSection
	GlobalSection(SolutionProperties) = preSolution
		HideSolutionNode = FALSE
	EndGlobalSection
EndGlobal
